
Microsoft Visual Studio Solution File, Format Version 12.00
# Visual Studio Version 17
VisualStudioVersion = 17.7.34031.279
MinimumVisualStudioVersion = 10.0.40219.1
Project("{FAE04EC0-301F-11D3-BF4B-00C04F79EFBC}") = "SalesWebMVC", "SalesWebMVC.csproj", "{57928EA0-F3EE-472B-9266-F7DC2CE7E334}"
EndProject
Global
	GlobalSection(SolutionConfigurationPlatforms) = preSolution
		Debug|Any CPU = Debug|Any CPU
		Release|Any CPU = Release|Any CPU
	EndGlobalSection
	GlobalSection(ProjectConfigurationPlatforms) = postSolution
		{57928EA0-F3EE-472B-9266-F7DC2CE7E334}.Debug|Any CPU.ActiveCfg = Debug|Any CPU
		{57928EA0-F3EE-472B-9266-F7DC2CE7E334}.Debug|Any CPU.Build.0 = Debug|Any CPU
		{57928EA0-F3EE-472B-9266-F7DC2CE7E334}.Release|Any CPU.ActiveCfg = Release|Any CPU
		{57928EA0-F3EE-472B-9266-F7DC2CE7E334}.Release|Any CPU.Build.0 = Release|Any CPU
	EndGlobalSection
	GlobalSection(SolutionProperties) = preSolution
		HideSolutionNode = FALSE
	EndGlobalSection
	GlobalSection(ExtensibilityGlobals) = postSolution
		SolutionGuid = {C34BFA10-5240-48E4-835C-0A499C49F076}
	EndGlobalSection
EndGlobal
